// !$*UTF8*$!
{
	archiveVersion = 1;
	classes = {
	};
	objectVersion = 46;
	objects = {

/* Begin PBXBuildFile section */
		CD081CB71EE7E10D00F537B3 /* CompilerMessage.swift in Sources */ = {isa = PBXBuildFile; fileRef = CD8BBDD51EE009C600E8EE2E /* CompilerMessage.swift */; };
		CD081CB91EE7EDCD00F537B3 /* UnitTestMessage.swift in Sources */ = {isa = PBXBuildFile; fileRef = CD081CB81EE7EDCD00F537B3 /* UnitTestMessage.swift */; };
		CD081CBA1EE7EDCD00F537B3 /* UnitTestMessage.swift in Sources */ = {isa = PBXBuildFile; fileRef = CD081CB81EE7EDCD00F537B3 /* UnitTestMessage.swift */; };
		CD081CBC1EE7F19100F537B3 /* ios_build_4454.log in Resources */ = {isa = PBXBuildFile; fileRef = CD081CBB1EE7F19100F537B3 /* ios_build_4454.log */; };
		CD081CBE1EE7F1D700F537B3 /* mac_build_4454.log in Resources */ = {isa = PBXBuildFile; fileRef = CD081CBD1EE7F1D700F537B3 /* mac_build_4454.log */; };
		CD4901182008EEC6000F5F08 /* SlackCommunicationTests.swift in Sources */ = {isa = PBXBuildFile; fileRef = CD4901172008EEC6000F5F08 /* SlackCommunicationTests.swift */; };
		CD4901192008EEF5000F5F08 /* SlackMessage.swift in Sources */ = {isa = PBXBuildFile; fileRef = CD8BBDE21EE009C600E8EE2E /* SlackMessage.swift */; };
		CD49011A2008EEF9000F5F08 /* SlackAttachment.swift in Sources */ = {isa = PBXBuildFile; fileRef = CD8BBDDF1EE009C600E8EE2E /* SlackAttachment.swift */; };
		CD49011B2008EEFD000F5F08 /* SlackField.swift in Sources */ = {isa = PBXBuildFile; fileRef = CD8BBDE11EE009C600E8EE2E /* SlackField.swift */; };
		CD49011C2008EF03000F5F08 /* SlackAction.swift in Sources */ = {isa = PBXBuildFile; fileRef = CD8BBDDE1EE009C600E8EE2E /* SlackAction.swift */; };
		CD49011D2008EF1F000F5F08 /* DictionaryConvertable.swift in Sources */ = {isa = PBXBuildFile; fileRef = CD8BBDD71EE009C600E8EE2E /* DictionaryConvertable.swift */; };
		CD4901202008EF5E000F5F08 /* Common.swift in Sources */ = {isa = PBXBuildFile; fileRef = CD49011F2008EF5E000F5F08 /* Common.swift */; };
		CD4901212008EF6D000F5F08 /* Common.swift in Sources */ = {isa = PBXBuildFile; fileRef = CD49011F2008EF5E000F5F08 /* Common.swift */; };
		CD4901222008EF96000F5F08 /* NSColor+NSColorHexadecimalValue.swift in Sources */ = {isa = PBXBuildFile; fileRef = CD8BBDDD1EE009C600E8EE2E /* NSColor+NSColorHexadecimalValue.swift */; };
		CD4901232008EFB6000F5F08 /* SlackCommunicationController.swift in Sources */ = {isa = PBXBuildFile; fileRef = CD8BBDE01EE009C600E8EE2E /* SlackCommunicationController.swift */; };
		CD512D8E2008C1F9002EB718 /* ios_build_4822.log in Resources */ = {isa = PBXBuildFile; fileRef = CD512D8D2008C1F9002EB718 /* ios_build_4822.log */; };
		CD512D902008C257002EB718 /* GithubCommunicationTests.swift in Sources */ = {isa = PBXBuildFile; fileRef = CD512D8F2008C257002EB718 /* GithubCommunicationTests.swift */; };
		CD512D952008C5A1002EB718 /* GitHubCommunicationController.swift in Sources */ = {isa = PBXBuildFile; fileRef = CD8BBDDA1EE009C600E8EE2E /* GitHubCommunicationController.swift */; };
		CD512D962008C5C5002EB718 /* GithubAccount.swift in Sources */ = {isa = PBXBuildFile; fileRef = CD8BBDD91EE009C600E8EE2E /* GithubAccount.swift */; };
		CD512D972008C5D7002EB718 /* URLSession+synchronousTask.swift in Sources */ = {isa = PBXBuildFile; fileRef = CD8BBDE31EE009C600E8EE2E /* URLSession+synchronousTask.swift */; };
		CD512D982008C5F8002EB718 /* Dictionary+Optional.swift in Sources */ = {isa = PBXBuildFile; fileRef = CD8BBDD61EE009C600E8EE2E /* Dictionary+Optional.swift */; };
		CD8321011EE7DF640029DBE0 /* ParserTest.swift in Sources */ = {isa = PBXBuildFile; fileRef = CD8321001EE7DF640029DBE0 /* ParserTest.swift */; };
		CD8321061EE7DFA70029DBE0 /* FastlaneParser.swift in Sources */ = {isa = PBXBuildFile; fileRef = CD8BBDD81EE009C600E8EE2E /* FastlaneParser.swift */; };
		CD8BBDE41EE009C600E8EE2E /* Branch.swift in Sources */ = {isa = PBXBuildFile; fileRef = CD8BBDD41EE009C600E8EE2E /* Branch.swift */; };
		CD8BBDE51EE009C600E8EE2E /* CompilerMessage.swift in Sources */ = {isa = PBXBuildFile; fileRef = CD8BBDD51EE009C600E8EE2E /* CompilerMessage.swift */; };
		CD8BBDE61EE009C600E8EE2E /* Dictionary+Optional.swift in Sources */ = {isa = PBXBuildFile; fileRef = CD8BBDD61EE009C600E8EE2E /* Dictionary+Optional.swift */; };
		CD8BBDE71EE009C600E8EE2E /* DictionaryConvertable.swift in Sources */ = {isa = PBXBuildFile; fileRef = CD8BBDD71EE009C600E8EE2E /* DictionaryConvertable.swift */; };
		CD8BBDE81EE009C600E8EE2E /* FastlaneParser.swift in Sources */ = {isa = PBXBuildFile; fileRef = CD8BBDD81EE009C600E8EE2E /* FastlaneParser.swift */; };
		CD8BBDE91EE009C600E8EE2E /* GithubAccount.swift in Sources */ = {isa = PBXBuildFile; fileRef = CD8BBDD91EE009C600E8EE2E /* GithubAccount.swift */; };
		CD8BBDEA1EE009C600E8EE2E /* GitHubCommunicationController.swift in Sources */ = {isa = PBXBuildFile; fileRef = CD8BBDDA1EE009C600E8EE2E /* GitHubCommunicationController.swift */; };
		CD8BBDEB1EE009C600E8EE2E /* main.swift in Sources */ = {isa = PBXBuildFile; fileRef = CD8BBDDB1EE009C600E8EE2E /* main.swift */; };
		CD8BBDEC1EE009C600E8EE2E /* MainController.swift in Sources */ = {isa = PBXBuildFile; fileRef = CD8BBDDC1EE009C600E8EE2E /* MainController.swift */; };
		CD8BBDED1EE009C600E8EE2E /* NSColor+NSColorHexadecimalValue.swift in Sources */ = {isa = PBXBuildFile; fileRef = CD8BBDDD1EE009C600E8EE2E /* NSColor+NSColorHexadecimalValue.swift */; };
		CD8BBDEE1EE009C600E8EE2E /* SlackAction.swift in Sources */ = {isa = PBXBuildFile; fileRef = CD8BBDDE1EE009C600E8EE2E /* SlackAction.swift */; };
		CD8BBDEF1EE009C600E8EE2E /* SlackAttachment.swift in Sources */ = {isa = PBXBuildFile; fileRef = CD8BBDDF1EE009C600E8EE2E /* SlackAttachment.swift */; };
		CD8BBDF01EE009C600E8EE2E /* SlackCommunicationController.swift in Sources */ = {isa = PBXBuildFile; fileRef = CD8BBDE01EE009C600E8EE2E /* SlackCommunicationController.swift */; };
		CD8BBDF11EE009C600E8EE2E /* SlackField.swift in Sources */ = {isa = PBXBuildFile; fileRef = CD8BBDE11EE009C600E8EE2E /* SlackField.swift */; };
		CD8BBDF21EE009C600E8EE2E /* SlackMessage.swift in Sources */ = {isa = PBXBuildFile; fileRef = CD8BBDE21EE009C600E8EE2E /* SlackMessage.swift */; };
		CD8BBDF31EE009C600E8EE2E /* URLSession+synchronousTask.swift in Sources */ = {isa = PBXBuildFile; fileRef = CD8BBDE31EE009C600E8EE2E /* URLSession+synchronousTask.swift */; };
		CDF007082074FAC200257FCC /* mac_build_8731.log in Resources */ = {isa = PBXBuildFile; fileRef = CDF007062074FAC200257FCC /* mac_build_8731.log */; };
		CDF007092074FAC200257FCC /* ios_build_8731.log in Resources */ = {isa = PBXBuildFile; fileRef = CDF007072074FAC200257FCC /* ios_build_8731.log */; };
		CDF0070E20760B1900257FCC /* ios_build_8745.log in Resources */ = {isa = PBXBuildFile; fileRef = CDF0070C20760B1900257FCC /* ios_build_8745.log */; };
		CDF0070F20760B1900257FCC /* mac_build_8745.log in Resources */ = {isa = PBXBuildFile; fileRef = CDF0070D20760B1900257FCC /* mac_build_8745.log */; };
/* End PBXBuildFile section */

/* Begin PBXCopyFilesBuildPhase section */
		CD8BBDC81EE0093900E8EE2E /* CopyFiles */ = {
			isa = PBXCopyFilesBuildPhase;
			buildActionMask = 2147483647;
			dstPath = /usr/share/man/man1/;
			dstSubfolderSpec = 0;
			files = (
			);
			runOnlyForDeploymentPostprocessing = 1;
		};
/* End PBXCopyFilesBuildPhase section */

/* Begin PBXFileReference section */
		CD081CB81EE7EDCD00F537B3 /* UnitTestMessage.swift */ = {isa = PBXFileReference; fileEncoding = 4; lastKnownFileType = sourcecode.swift; path = UnitTestMessage.swift; sourceTree = "<group>"; };
		CD081CBB1EE7F19100F537B3 /* ios_build_4454.log */ = {isa = PBXFileReference; fileEncoding = 4; lastKnownFileType = text; path = ios_build_4454.log; sourceTree = "<group>"; };
		CD081CBD1EE7F1D700F537B3 /* mac_build_4454.log */ = {isa = PBXFileReference; fileEncoding = 4; lastKnownFileType = text; path = mac_build_4454.log; sourceTree = "<group>"; };
		CD4901172008EEC6000F5F08 /* SlackCommunicationTests.swift */ = {isa = PBXFileReference; lastKnownFileType = sourcecode.swift; path = SlackCommunicationTests.swift; sourceTree = "<group>"; };
		CD49011F2008EF5E000F5F08 /* Common.swift */ = {isa = PBXFileReference; lastKnownFileType = sourcecode.swift; path = Common.swift; sourceTree = "<group>"; };
		CD512D8D2008C1F9002EB718 /* ios_build_4822.log */ = {isa = PBXFileReference; fileEncoding = 4; lastKnownFileType = text; path = ios_build_4822.log; sourceTree = "<group>"; };
		CD512D8F2008C257002EB718 /* GithubCommunicationTests.swift */ = {isa = PBXFileReference; lastKnownFileType = sourcecode.swift; path = GithubCommunicationTests.swift; sourceTree = "<group>"; };
		CD8320FE1EE7DF640029DBE0 /* CallistoTest.xctest */ = {isa = PBXFileReference; explicitFileType = wrapper.cfbundle; includeInIndex = 0; path = CallistoTest.xctest; sourceTree = BUILT_PRODUCTS_DIR; };
		CD8321001EE7DF640029DBE0 /* ParserTest.swift */ = {isa = PBXFileReference; lastKnownFileType = sourcecode.swift; path = ParserTest.swift; sourceTree = "<group>"; };
		CD8321021EE7DF640029DBE0 /* Info.plist */ = {isa = PBXFileReference; lastKnownFileType = text.plist.xml; path = Info.plist; sourceTree = "<group>"; };
		CD8BBDCA1EE0093900E8EE2E /* Callisto */ = {isa = PBXFileReference; explicitFileType = "compiled.mach-o.executable"; includeInIndex = 0; path = Callisto; sourceTree = BUILT_PRODUCTS_DIR; };
		CD8BBDD41EE009C600E8EE2E /* Branch.swift */ = {isa = PBXFileReference; fileEncoding = 4; lastKnownFileType = sourcecode.swift; path = Branch.swift; sourceTree = "<group>"; };
		CD8BBDD51EE009C600E8EE2E /* CompilerMessage.swift */ = {isa = PBXFileReference; fileEncoding = 4; lastKnownFileType = sourcecode.swift; path = CompilerMessage.swift; sourceTree = "<group>"; };
		CD8BBDD61EE009C600E8EE2E /* Dictionary+Optional.swift */ = {isa = PBXFileReference; fileEncoding = 4; lastKnownFileType = sourcecode.swift; path = "Dictionary+Optional.swift"; sourceTree = "<group>"; };
		CD8BBDD71EE009C600E8EE2E /* DictionaryConvertable.swift */ = {isa = PBXFileReference; fileEncoding = 4; lastKnownFileType = sourcecode.swift; path = DictionaryConvertable.swift; sourceTree = "<group>"; };
		CD8BBDD81EE009C600E8EE2E /* FastlaneParser.swift */ = {isa = PBXFileReference; fileEncoding = 4; lastKnownFileType = sourcecode.swift; path = FastlaneParser.swift; sourceTree = "<group>"; };
		CD8BBDD91EE009C600E8EE2E /* GithubAccount.swift */ = {isa = PBXFileReference; fileEncoding = 4; lastKnownFileType = sourcecode.swift; path = GithubAccount.swift; sourceTree = "<group>"; };
		CD8BBDDA1EE009C600E8EE2E /* GitHubCommunicationController.swift */ = {isa = PBXFileReference; fileEncoding = 4; lastKnownFileType = sourcecode.swift; path = GitHubCommunicationController.swift; sourceTree = "<group>"; };
		CD8BBDDB1EE009C600E8EE2E /* main.swift */ = {isa = PBXFileReference; fileEncoding = 4; lastKnownFileType = sourcecode.swift; path = main.swift; sourceTree = "<group>"; };
		CD8BBDDC1EE009C600E8EE2E /* MainController.swift */ = {isa = PBXFileReference; fileEncoding = 4; lastKnownFileType = sourcecode.swift; path = MainController.swift; sourceTree = "<group>"; };
		CD8BBDDD1EE009C600E8EE2E /* NSColor+NSColorHexadecimalValue.swift */ = {isa = PBXFileReference; fileEncoding = 4; lastKnownFileType = sourcecode.swift; path = "NSColor+NSColorHexadecimalValue.swift"; sourceTree = "<group>"; };
		CD8BBDDE1EE009C600E8EE2E /* SlackAction.swift */ = {isa = PBXFileReference; fileEncoding = 4; lastKnownFileType = sourcecode.swift; path = SlackAction.swift; sourceTree = "<group>"; };
		CD8BBDDF1EE009C600E8EE2E /* SlackAttachment.swift */ = {isa = PBXFileReference; fileEncoding = 4; lastKnownFileType = sourcecode.swift; path = SlackAttachment.swift; sourceTree = "<group>"; };
		CD8BBDE01EE009C600E8EE2E /* SlackCommunicationController.swift */ = {isa = PBXFileReference; fileEncoding = 4; lastKnownFileType = sourcecode.swift; path = SlackCommunicationController.swift; sourceTree = "<group>"; };
		CD8BBDE11EE009C600E8EE2E /* SlackField.swift */ = {isa = PBXFileReference; fileEncoding = 4; lastKnownFileType = sourcecode.swift; path = SlackField.swift; sourceTree = "<group>"; };
		CD8BBDE21EE009C600E8EE2E /* SlackMessage.swift */ = {isa = PBXFileReference; fileEncoding = 4; lastKnownFileType = sourcecode.swift; path = SlackMessage.swift; sourceTree = "<group>"; };
		CD8BBDE31EE009C600E8EE2E /* URLSession+synchronousTask.swift */ = {isa = PBXFileReference; fileEncoding = 4; lastKnownFileType = sourcecode.swift; path = "URLSession+synchronousTask.swift"; sourceTree = "<group>"; };
		CDF007062074FAC200257FCC /* mac_build_8731.log */ = {isa = PBXFileReference; fileEncoding = 4; lastKnownFileType = text; path = mac_build_8731.log; sourceTree = "<group>"; };
		CDF007072074FAC200257FCC /* ios_build_8731.log */ = {isa = PBXFileReference; fileEncoding = 4; lastKnownFileType = text; path = ios_build_8731.log; sourceTree = "<group>"; };
		CDF0070C20760B1900257FCC /* ios_build_8745.log */ = {isa = PBXFileReference; fileEncoding = 4; lastKnownFileType = text; path = ios_build_8745.log; sourceTree = "<group>"; };
		CDF0070D20760B1900257FCC /* mac_build_8745.log */ = {isa = PBXFileReference; fileEncoding = 4; lastKnownFileType = text; path = mac_build_8745.log; sourceTree = "<group>"; };
/* End PBXFileReference section */

/* Begin PBXFrameworksBuildPhase section */
		CD8320FB1EE7DF640029DBE0 /* Frameworks */ = {
			isa = PBXFrameworksBuildPhase;
			buildActionMask = 2147483647;
			files = (
			);
			runOnlyForDeploymentPostprocessing = 0;
		};
		CD8BBDC71EE0093900E8EE2E /* Frameworks */ = {
			isa = PBXFrameworksBuildPhase;
			buildActionMask = 2147483647;
			files = (
			);
			runOnlyForDeploymentPostprocessing = 0;
		};
/* End PBXFrameworksBuildPhase section */

/* Begin PBXGroup section */
		CD8320FF1EE7DF640029DBE0 /* CallistoTest */ = {
			isa = PBXGroup;
			children = (
				CD8321001EE7DF640029DBE0 /* ParserTest.swift */,
				CD512D8F2008C257002EB718 /* GithubCommunicationTests.swift */,
				CD4901172008EEC6000F5F08 /* SlackCommunicationTests.swift */,
				CD8321091EE7DFBF0029DBE0 /* Resources */,
				CD8321021EE7DF640029DBE0 /* Info.plist */,
			);
			path = CallistoTest;
			sourceTree = "<group>";
		};
		CD8321091EE7DFBF0029DBE0 /* Resources */ = {
			isa = PBXGroup;
			children = (
				CD83210A1EE7DFC40029DBE0 /* Sample Logs */,
			);
			name = Resources;
			sourceTree = "<group>";
		};
		CD83210A1EE7DFC40029DBE0 /* Sample Logs */ = {
			isa = PBXGroup;
			children = (
				CDF0070C20760B1900257FCC /* ios_build_8745.log */,
				CDF0070D20760B1900257FCC /* mac_build_8745.log */,
				CDF007072074FAC200257FCC /* ios_build_8731.log */,
				CDF007062074FAC200257FCC /* mac_build_8731.log */,
				CD081CBD1EE7F1D700F537B3 /* mac_build_4454.log */,
				CD081CBB1EE7F19100F537B3 /* ios_build_4454.log */,
				CD512D8D2008C1F9002EB718 /* ios_build_4822.log */,
			);
			name = "Sample Logs";
			sourceTree = "<group>";
		};
		CD8BBDC11EE0093900E8EE2E = {
			isa = PBXGroup;
			children = (
				CD8BBDCC1EE0093900E8EE2E /* Callisto */,
				CD8320FF1EE7DF640029DBE0 /* CallistoTest */,
				CD8BBDCB1EE0093900E8EE2E /* Products */,
			);
			sourceTree = "<group>";
		};
		CD8BBDCB1EE0093900E8EE2E /* Products */ = {
			isa = PBXGroup;
			children = (
				CD8BBDCA1EE0093900E8EE2E /* Callisto */,
				CD8320FE1EE7DF640029DBE0 /* CallistoTest.xctest */,
			);
			name = Products;
			sourceTree = "<group>";
		};
		CD8BBDCC1EE0093900E8EE2E /* Callisto */ = {
			isa = PBXGroup;
			children = (
				CD8BBDDB1EE009C600E8EE2E /* main.swift */,
				CD8BBDDC1EE009C600E8EE2E /* MainController.swift */,
				CD8BBDFA1EE00A8E00E8EE2E /* Parser */,
				CD8BBDF41EE00A2500E8EE2E /* Communication Controller */,
				CD8BBDF91EE00A7B00E8EE2E /* Helper */,
				CD49011F2008EF5E000F5F08 /* Common.swift */,
			);
			path = Callisto;
			sourceTree = "<group>";
		};
		CD8BBDF41EE00A2500E8EE2E /* Communication Controller */ = {
			isa = PBXGroup;
			children = (
				CD8BBDF51EE00A3300E8EE2E /* Github */,
				CD8BBDF61EE00A3900E8EE2E /* Slack */,
			);
			name = "Communication Controller";
			sourceTree = "<group>";
		};
		CD8BBDF51EE00A3300E8EE2E /* Github */ = {
			isa = PBXGroup;
			children = (
				CD8BBDDA1EE009C600E8EE2E /* GitHubCommunicationController.swift */,
				CD8BBDF81EE00A6500E8EE2E /* Properties */,
			);
			name = Github;
			sourceTree = "<group>";
		};
		CD8BBDF61EE00A3900E8EE2E /* Slack */ = {
			isa = PBXGroup;
			children = (
				CD8BBDE01EE009C600E8EE2E /* SlackCommunicationController.swift */,
				CD8BBDF71EE00A3D00E8EE2E /* Message */,
			);
			name = Slack;
			sourceTree = "<group>";
		};
		CD8BBDF71EE00A3D00E8EE2E /* Message */ = {
			isa = PBXGroup;
			children = (
				CD8BBDE21EE009C600E8EE2E /* SlackMessage.swift */,
				CD8BBDDF1EE009C600E8EE2E /* SlackAttachment.swift */,
				CD8BBDE11EE009C600E8EE2E /* SlackField.swift */,
				CD8BBDDE1EE009C600E8EE2E /* SlackAction.swift */,
			);
			name = Message;
			sourceTree = "<group>";
		};
		CD8BBDF81EE00A6500E8EE2E /* Properties */ = {
			isa = PBXGroup;
			children = (
				CD8BBDD91EE009C600E8EE2E /* GithubAccount.swift */,
				CD8BBDD41EE009C600E8EE2E /* Branch.swift */,
			);
			name = Properties;
			sourceTree = "<group>";
		};
		CD8BBDF91EE00A7B00E8EE2E /* Helper */ = {
			isa = PBXGroup;
			children = (
				CD8BBDE31EE009C600E8EE2E /* URLSession+synchronousTask.swift */,
				CD8BBDD71EE009C600E8EE2E /* DictionaryConvertable.swift */,
				CD8BBDD61EE009C600E8EE2E /* Dictionary+Optional.swift */,
				CD8BBDDD1EE009C600E8EE2E /* NSColor+NSColorHexadecimalValue.swift */,
			);
			name = Helper;
			sourceTree = "<group>";
		};
		CD8BBDFA1EE00A8E00E8EE2E /* Parser */ = {
			isa = PBXGroup;
			children = (
				CD8BBDD81EE009C600E8EE2E /* FastlaneParser.swift */,
				CD8BBDD51EE009C600E8EE2E /* CompilerMessage.swift */,
				CD081CB81EE7EDCD00F537B3 /* UnitTestMessage.swift */,
			);
			name = Parser;
			sourceTree = "<group>";
		};
/* End PBXGroup section */

/* Begin PBXNativeTarget section */
		CD8320FD1EE7DF640029DBE0 /* CallistoTest */ = {
			isa = PBXNativeTarget;
			buildConfigurationList = CD8321051EE7DF640029DBE0 /* Build configuration list for PBXNativeTarget "CallistoTest" */;
			buildPhases = (
				CD8320FA1EE7DF640029DBE0 /* Sources */,
				CD8320FB1EE7DF640029DBE0 /* Frameworks */,
				CD8320FC1EE7DF640029DBE0 /* Resources */,
			);
			buildRules = (
			);
			dependencies = (
			);
			name = CallistoTest;
			productName = CallistoTest;
			productReference = CD8320FE1EE7DF640029DBE0 /* CallistoTest.xctest */;
			productType = "com.apple.product-type.bundle.unit-test";
		};
		CD8BBDC91EE0093900E8EE2E /* Callisto */ = {
			isa = PBXNativeTarget;
			buildConfigurationList = CD8BBDD11EE0093900E8EE2E /* Build configuration list for PBXNativeTarget "Callisto" */;
			buildPhases = (
				CD8BBDC61EE0093900E8EE2E /* Sources */,
				CD8BBDC71EE0093900E8EE2E /* Frameworks */,
				CD8BBDC81EE0093900E8EE2E /* CopyFiles */,
			);
			buildRules = (
			);
			dependencies = (
			);
			name = Callisto;
			productName = Callisto;
			productReference = CD8BBDCA1EE0093900E8EE2E /* Callisto */;
			productType = "com.apple.product-type.tool";
		};
/* End PBXNativeTarget section */

/* Begin PBXProject section */
		CD8BBDC21EE0093900E8EE2E /* Project object */ = {
			isa = PBXProject;
			attributes = {
				LastSwiftUpdateCheck = 0830;
				LastUpgradeCheck = 1100;
				ORGANIZATIONNAME = IdeasOnCanvas;
				TargetAttributes = {
					CD8320FD1EE7DF640029DBE0 = {
						CreatedOnToolsVersion = 8.3.2;
						DevelopmentTeam = W6L39UYL6Z;
						ProvisioningStyle = Automatic;
					};
					CD8BBDC91EE0093900E8EE2E = {
						CreatedOnToolsVersion = 8.3.2;
						DevelopmentTeam = W6L39UYL6Z;
						LastSwiftMigration = 1100;
						ProvisioningStyle = Automatic;
					};
				};
			};
			buildConfigurationList = CD8BBDC51EE0093900E8EE2E /* Build configuration list for PBXProject "Callisto" */;
			compatibilityVersion = "Xcode 3.2";
			developmentRegion = English;
			hasScannedForEncodings = 0;
			knownRegions = (
				English,
			);
			mainGroup = CD8BBDC11EE0093900E8EE2E;
			productRefGroup = CD8BBDCB1EE0093900E8EE2E /* Products */;
			projectDirPath = "";
			projectRoot = "";
			targets = (
				CD8BBDC91EE0093900E8EE2E /* Callisto */,
				CD8320FD1EE7DF640029DBE0 /* CallistoTest */,
			);
		};
/* End PBXProject section */

/* Begin PBXResourcesBuildPhase section */
		CD8320FC1EE7DF640029DBE0 /* Resources */ = {
			isa = PBXResourcesBuildPhase;
			buildActionMask = 2147483647;
			files = (
				CDF007082074FAC200257FCC /* mac_build_8731.log in Resources */,
				CDF007092074FAC200257FCC /* ios_build_8731.log in Resources */,
				CD512D8E2008C1F9002EB718 /* ios_build_4822.log in Resources */,
				CDF0070F20760B1900257FCC /* mac_build_8745.log in Resources */,
				CDF0070E20760B1900257FCC /* ios_build_8745.log in Resources */,
				CD081CBE1EE7F1D700F537B3 /* mac_build_4454.log in Resources */,
				CD081CBC1EE7F19100F537B3 /* ios_build_4454.log in Resources */,
			);
			runOnlyForDeploymentPostprocessing = 0;
		};
/* End PBXResourcesBuildPhase section */

/* Begin PBXSourcesBuildPhase section */
		CD8320FA1EE7DF640029DBE0 /* Sources */ = {
			isa = PBXSourcesBuildPhase;
			buildActionMask = 2147483647;
			files = (
				CD4901212008EF6D000F5F08 /* Common.swift in Sources */,
				CD49011B2008EEFD000F5F08 /* SlackField.swift in Sources */,
				CD512D902008C257002EB718 /* GithubCommunicationTests.swift in Sources */,
				CD4901192008EEF5000F5F08 /* SlackMessage.swift in Sources */,
				CD081CB71EE7E10D00F537B3 /* CompilerMessage.swift in Sources */,
				CD081CBA1EE7EDCD00F537B3 /* UnitTestMessage.swift in Sources */,
				CD4901222008EF96000F5F08 /* NSColor+NSColorHexadecimalValue.swift in Sources */,
				CD8321061EE7DFA70029DBE0 /* FastlaneParser.swift in Sources */,
				CD8321011EE7DF640029DBE0 /* ParserTest.swift in Sources */,
				CD4901182008EEC6000F5F08 /* SlackCommunicationTests.swift in Sources */,
				CD49011C2008EF03000F5F08 /* SlackAction.swift in Sources */,
				CD4901232008EFB6000F5F08 /* SlackCommunicationController.swift in Sources */,
				CD49011A2008EEF9000F5F08 /* SlackAttachment.swift in Sources */,
				CD49011D2008EF1F000F5F08 /* DictionaryConvertable.swift in Sources */,
				CD512D962008C5C5002EB718 /* GithubAccount.swift in Sources */,
				CD512D982008C5F8002EB718 /* Dictionary+Optional.swift in Sources */,
				CD512D972008C5D7002EB718 /* URLSession+synchronousTask.swift in Sources */,
				CD512D952008C5A1002EB718 /* GitHubCommunicationController.swift in Sources */,
			);
			runOnlyForDeploymentPostprocessing = 0;
		};
		CD8BBDC61EE0093900E8EE2E /* Sources */ = {
			isa = PBXSourcesBuildPhase;
			buildActionMask = 2147483647;
			files = (
				CD8BBDE61EE009C600E8EE2E /* Dictionary+Optional.swift in Sources */,
				CD8BBDE71EE009C600E8EE2E /* DictionaryConvertable.swift in Sources */,
				CD8BBDEB1EE009C600E8EE2E /* main.swift in Sources */,
				CD081CB91EE7EDCD00F537B3 /* UnitTestMessage.swift in Sources */,
				CD4901202008EF5E000F5F08 /* Common.swift in Sources */,
				CD8BBDE91EE009C600E8EE2E /* GithubAccount.swift in Sources */,
				CD8BBDF01EE009C600E8EE2E /* SlackCommunicationController.swift in Sources */,
				CD8BBDEE1EE009C600E8EE2E /* SlackAction.swift in Sources */,
				CD8BBDF31EE009C600E8EE2E /* URLSession+synchronousTask.swift in Sources */,
				CD8BBDEC1EE009C600E8EE2E /* MainController.swift in Sources */,
				CD8BBDF11EE009C600E8EE2E /* SlackField.swift in Sources */,
				CD8BBDED1EE009C600E8EE2E /* NSColor+NSColorHexadecimalValue.swift in Sources */,
				CD8BBDEF1EE009C600E8EE2E /* SlackAttachment.swift in Sources */,
				CD8BBDE51EE009C600E8EE2E /* CompilerMessage.swift in Sources */,
				CD8BBDE81EE009C600E8EE2E /* FastlaneParser.swift in Sources */,
				CD8BBDEA1EE009C600E8EE2E /* GitHubCommunicationController.swift in Sources */,
				CD8BBDF21EE009C600E8EE2E /* SlackMessage.swift in Sources */,
				CD8BBDE41EE009C600E8EE2E /* Branch.swift in Sources */,
			);
			runOnlyForDeploymentPostprocessing = 0;
		};
/* End PBXSourcesBuildPhase section */

/* Begin XCBuildConfiguration section */
		CD8321031EE7DF640029DBE0 /* Debug */ = {
			isa = XCBuildConfiguration;
			buildSettings = {
				COMBINE_HIDPI_IMAGES = YES;
				DEVELOPMENT_TEAM = W6L39UYL6Z;
				INFOPLIST_FILE = CallistoTest/Info.plist;
				LD_RUNPATH_SEARCH_PATHS = "$(inherited) @executable_path/../Frameworks @loader_path/../Frameworks";
				PRODUCT_BUNDLE_IDENTIFIER = com.ideasoncanvas.callisto.CallistoTest;
				PRODUCT_NAME = "$(TARGET_NAME)";
				SWIFT_ACTIVE_COMPILATION_CONDITIONS = DEBUG;
			};
			name = Debug;
		};
		CD8321041EE7DF640029DBE0 /* Release */ = {
			isa = XCBuildConfiguration;
			buildSettings = {
				COMBINE_HIDPI_IMAGES = YES;
				DEVELOPMENT_TEAM = W6L39UYL6Z;
				INFOPLIST_FILE = CallistoTest/Info.plist;
				LD_RUNPATH_SEARCH_PATHS = "$(inherited) @executable_path/../Frameworks @loader_path/../Frameworks";
				PRODUCT_BUNDLE_IDENTIFIER = com.ideasoncanvas.callisto.CallistoTest;
				PRODUCT_NAME = "$(TARGET_NAME)";
				SWIFT_OPTIMIZATION_LEVEL = "-Owholemodule";
			};
			name = Release;
		};
		CD8BBDCF1EE0093900E8EE2E /* Debug */ = {
			isa = XCBuildConfiguration;
			buildSettings = {
				ALWAYS_SEARCH_USER_PATHS = NO;
				CLANG_ANALYZER_NONNULL = YES;
				CLANG_ANALYZER_NUMBER_OBJECT_CONVERSION = YES_AGGRESSIVE;
				CLANG_CXX_LANGUAGE_STANDARD = "gnu++0x";
				CLANG_CXX_LIBRARY = "libc++";
				CLANG_ENABLE_MODULES = YES;
				CLANG_ENABLE_OBJC_ARC = YES;
				CLANG_WARN_BLOCK_CAPTURE_AUTORELEASING = YES;
				CLANG_WARN_BOOL_CONVERSION = YES;
				CLANG_WARN_COMMA = YES;
				CLANG_WARN_CONSTANT_CONVERSION = YES;
				CLANG_WARN_DEPRECATED_OBJC_IMPLEMENTATIONS = YES;
				CLANG_WARN_DIRECT_OBJC_ISA_USAGE = YES_ERROR;
				CLANG_WARN_DOCUMENTATION_COMMENTS = YES;
				CLANG_WARN_EMPTY_BODY = YES;
				CLANG_WARN_ENUM_CONVERSION = YES;
				CLANG_WARN_INFINITE_RECURSION = YES;
				CLANG_WARN_INT_CONVERSION = YES;
				CLANG_WARN_NON_LITERAL_NULL_CONVERSION = YES;
				CLANG_WARN_OBJC_IMPLICIT_RETAIN_SELF = YES;
				CLANG_WARN_OBJC_LITERAL_CONVERSION = YES;
				CLANG_WARN_OBJC_ROOT_CLASS = YES_ERROR;
				CLANG_WARN_RANGE_LOOP_ANALYSIS = YES;
				CLANG_WARN_STRICT_PROTOTYPES = YES;
				CLANG_WARN_SUSPICIOUS_MOVE = YES;
				CLANG_WARN_UNREACHABLE_CODE = YES;
				CLANG_WARN__DUPLICATE_METHOD_MATCH = YES;
				CODE_SIGN_IDENTITY = "-";
				COPY_PHASE_STRIP = NO;
				DEBUG_INFORMATION_FORMAT = dwarf;
				ENABLE_STRICT_OBJC_MSGSEND = YES;
				ENABLE_TESTABILITY = YES;
				GCC_C_LANGUAGE_STANDARD = gnu99;
				GCC_DYNAMIC_NO_PIC = NO;
				GCC_NO_COMMON_BLOCKS = YES;
				GCC_OPTIMIZATION_LEVEL = 0;
				GCC_PREPROCESSOR_DEFINITIONS = (
					"DEBUG=1",
					"$(inherited)",
				);
				GCC_WARN_64_TO_32_BIT_CONVERSION = YES;
				GCC_WARN_ABOUT_RETURN_TYPE = YES_ERROR;
				GCC_WARN_UNDECLARED_SELECTOR = YES;
				GCC_WARN_UNINITIALIZED_AUTOS = YES_AGGRESSIVE;
				GCC_WARN_UNUSED_FUNCTION = YES;
				GCC_WARN_UNUSED_VARIABLE = YES;
				MACOSX_DEPLOYMENT_TARGET = 10.12;
				MTL_ENABLE_DEBUG_INFO = YES;
				ONLY_ACTIVE_ARCH = YES;
				SDKROOT = macosx;
				SWIFT_OPTIMIZATION_LEVEL = "-Onone";
				SWIFT_SWIFT3_OBJC_INFERENCE = Off;
				SWIFT_VERSION = 4.0;
			};
			name = Debug;
		};
		CD8BBDD01EE0093900E8EE2E /* Release */ = {
			isa = XCBuildConfiguration;
			buildSettings = {
				ALWAYS_SEARCH_USER_PATHS = NO;
				CLANG_ANALYZER_NONNULL = YES;
				CLANG_ANALYZER_NUMBER_OBJECT_CONVERSION = YES_AGGRESSIVE;
				CLANG_CXX_LANGUAGE_STANDARD = "gnu++0x";
				CLANG_CXX_LIBRARY = "libc++";
				CLANG_ENABLE_MODULES = YES;
				CLANG_ENABLE_OBJC_ARC = YES;
				CLANG_WARN_BLOCK_CAPTURE_AUTORELEASING = YES;
				CLANG_WARN_BOOL_CONVERSION = YES;
				CLANG_WARN_COMMA = YES;
				CLANG_WARN_CONSTANT_CONVERSION = YES;
				CLANG_WARN_DEPRECATED_OBJC_IMPLEMENTATIONS = YES;
				CLANG_WARN_DIRECT_OBJC_ISA_USAGE = YES_ERROR;
				CLANG_WARN_DOCUMENTATION_COMMENTS = YES;
				CLANG_WARN_EMPTY_BODY = YES;
				CLANG_WARN_ENUM_CONVERSION = YES;
				CLANG_WARN_INFINITE_RECURSION = YES;
				CLANG_WARN_INT_CONVERSION = YES;
				CLANG_WARN_NON_LITERAL_NULL_CONVERSION = YES;
				CLANG_WARN_OBJC_IMPLICIT_RETAIN_SELF = YES;
				CLANG_WARN_OBJC_LITERAL_CONVERSION = YES;
				CLANG_WARN_OBJC_ROOT_CLASS = YES_ERROR;
				CLANG_WARN_RANGE_LOOP_ANALYSIS = YES;
				CLANG_WARN_STRICT_PROTOTYPES = YES;
				CLANG_WARN_SUSPICIOUS_MOVE = YES;
				CLANG_WARN_UNREACHABLE_CODE = YES;
				CLANG_WARN__DUPLICATE_METHOD_MATCH = YES;
				CODE_SIGN_IDENTITY = "-";
				COPY_PHASE_STRIP = NO;
				DEBUG_INFORMATION_FORMAT = "dwarf-with-dsym";
				ENABLE_NS_ASSERTIONS = NO;
				ENABLE_STRICT_OBJC_MSGSEND = YES;
				GCC_C_LANGUAGE_STANDARD = gnu99;
				GCC_NO_COMMON_BLOCKS = YES;
				GCC_WARN_64_TO_32_BIT_CONVERSION = YES;
				GCC_WARN_ABOUT_RETURN_TYPE = YES_ERROR;
				GCC_WARN_UNDECLARED_SELECTOR = YES;
				GCC_WARN_UNINITIALIZED_AUTOS = YES_AGGRESSIVE;
				GCC_WARN_UNUSED_FUNCTION = YES;
				GCC_WARN_UNUSED_VARIABLE = YES;
				MACOSX_DEPLOYMENT_TARGET = 10.12;
				MTL_ENABLE_DEBUG_INFO = NO;
				SDKROOT = macosx;
				SWIFT_OPTIMIZATION_LEVEL = "-Owholemodule";
				SWIFT_SWIFT3_OBJC_INFERENCE = Off;
				SWIFT_VERSION = 4.0;
			};
			name = Release;
		};
		CD8BBDD21EE0093900E8EE2E /* Debug */ = {
			isa = XCBuildConfiguration;
			buildSettings = {
				CLANG_ENABLE_MODULES = YES;
				DEVELOPMENT_TEAM = W6L39UYL6Z;
				INFOPLIST_FILE = "$(SRCROOT)/Callisto/Supporting Files/info.plist";
				LD_RUNPATH_SEARCH_PATHS = "$(inherited) @executable_path/../Frameworks @loader_path/../Frameworks";
				PRODUCT_BUNDLE_IDENTIFIER = com.ideasoncanvas.callisto;
				PRODUCT_NAME = "$(TARGET_NAME)";
				SWIFT_OPTIMIZATION_LEVEL = "-Onone";
				SWIFT_VERSION = 5.0;
			};
			name = Debug;
		};
		CD8BBDD31EE0093900E8EE2E /* Release */ = {
			isa = XCBuildConfiguration;
			buildSettings = {
				CLANG_ENABLE_MODULES = YES;
				DEVELOPMENT_TEAM = W6L39UYL6Z;
				INFOPLIST_FILE = "$(SRCROOT)/Callisto/Supporting Files/info.plist";
				LD_RUNPATH_SEARCH_PATHS = "$(inherited) @executable_path/../Frameworks @loader_path/../Frameworks";
				PRODUCT_BUNDLE_IDENTIFIER = com.ideasoncanvas.callisto;
				PRODUCT_NAME = "$(TARGET_NAME)";
				SWIFT_VERSION = 5.0;
			};
			name = Release;
		};
/* End XCBuildConfiguration section */

/* Begin XCConfigurationList section */
		CD8321051EE7DF640029DBE0 /* Build configuration list for PBXNativeTarget "CallistoTest" */ = {
			isa = XCConfigurationList;
			buildConfigurations = (
				CD8321031EE7DF640029DBE0 /* Debug */,
				CD8321041EE7DF640029DBE0 /* Release */,
			);
			defaultConfigurationIsVisible = 0;
			defaultConfigurationName = Release;
		};
		CD8BBDC51EE0093900E8EE2E /* Build configuration list for PBXProject "Callisto" */ = {
			isa = XCConfigurationList;
			buildConfigurations = (
				CD8BBDCF1EE0093900E8EE2E /* Debug */,
				CD8BBDD01EE0093900E8EE2E /* Release */,
			);
			defaultConfigurationIsVisible = 0;
			defaultConfigurationName = Release;
		};
		CD8BBDD11EE0093900E8EE2E /* Build configuration list for PBXNativeTarget "Callisto" */ = {
			isa = XCConfigurationList;
			buildConfigurations = (
				CD8BBDD21EE0093900E8EE2E /* Debug */,
				CD8BBDD31EE0093900E8EE2E /* Release */,
			);
			defaultConfigurationIsVisible = 0;
			defaultConfigurationName = Release;
		};
/* End XCConfigurationList section */
	};
	rootObject = CD8BBDC21EE0093900E8EE2E /* Project object */;
}
